
Microsoft Visual Studio Solution File, Format Version 12.00
# Visual Studio Version 17
VisualStudioVersion = 17.9.34728.123
MinimumVisualStudioVersion = 10.0.40219.1
Project("{2150E333-8FDC-42A3-9474-1A3956D46DE8}") = "Services", "Services", "{D8538E5C-69CF-40E8-A6B2-E5DAA4012DE1}"
EndProject
Project("{2150E333-8FDC-42A3-9474-1A3956D46DE8}") = "Catalog", "Catalog", "{30DD4D2C-6BC5-446E-8C16-220A597C82D0}"
EndProject
Project("{9A19103F-16F7-4668-BE54-9A1E7A4F7556}") = "Catalog.API", "Services\Catalog\Catalog.API\Catalog.API.csproj", "{B15E2F21-2CB9-4BE4-9AE1-0F0008EEDB5D}"
EndProject
Project("{9A19103F-16F7-4668-BE54-9A1E7A4F7556}") = "Catalog.Core", "Services\Catalog\Catalog.Core\Catalog.Core.csproj", "{26ECAE4B-01BD-4999-812A-77C60DB5C9EF}"
EndProject
Project("{9A19103F-16F7-4668-BE54-9A1E7A4F7556}") = "Catalog.Application", "Services\Catalog\Catalog.Application\Catalog.Application.csproj", "{94A061F2-F1E3-44CC-9BC0-904B95ABB281}"
EndProject
Project("{9A19103F-16F7-4668-BE54-9A1E7A4F7556}") = "Catalog.Infrastructure", "Services\Catalog\Catalog.Infrastructure\Catalog.Infrastructure.csproj", "{9F870C1B-A215-49AE-9A0D-76743D7B9552}"
EndProject
Project("{9A19103F-16F7-4668-BE54-9A1E7A4F7556}") = "Catalog.CrossCutting", "Services\Catalog\Catalog.CrossCutting\Catalog.CrossCutting.csproj", "{8B39AB91-98D5-4BB9-B263-3E4F76569BD3}"
EndProject
Project("{E53339B2-1760-4266-BCC7-CA923CBCF16C}") = "docker-compose", "docker-compose.dcproj", "{6F1FE6F7-9D52-47E5-B377-BC61FE5647B6}"
EndProject
Global
	GlobalSection(SolutionConfigurationPlatforms) = preSolution
		Debug|Any CPU = Debug|Any CPU
		Release|Any CPU = Release|Any CPU
	EndGlobalSection
	GlobalSection(ProjectConfigurationPlatforms) = postSolution
		{B15E2F21-2CB9-4BE4-9AE1-0F0008EEDB5D}.Debug|Any CPU.ActiveCfg = Debug|Any CPU
		{B15E2F21-2CB9-4BE4-9AE1-0F0008EEDB5D}.Debug|Any CPU.Build.0 = Debug|Any CPU
		{B15E2F21-2CB9-4BE4-9AE1-0F0008EEDB5D}.Release|Any CPU.ActiveCfg = Release|Any CPU
		{B15E2F21-2CB9-4BE4-9AE1-0F0008EEDB5D}.Release|Any CPU.Build.0 = Release|Any CPU
		{26ECAE4B-01BD-4999-812A-77C60DB5C9EF}.Debug|Any CPU.ActiveCfg = Debug|Any CPU
		{26ECAE4B-01BD-4999-812A-77C60DB5C9EF}.Debug|Any CPU.Build.0 = Debug|Any CPU
		{26ECAE4B-01BD-4999-812A-77C60DB5C9EF}.Release|Any CPU.ActiveCfg = Release|Any CPU
		{26ECAE4B-01BD-4999-812A-77C60DB5C9EF}.Release|Any CPU.Build.0 = Release|Any CPU
		{94A061F2-F1E3-44CC-9BC0-904B95ABB281}.Debug|Any CPU.ActiveCfg = Debug|Any CPU
		{94A061F2-F1E3-44CC-9BC0-904B95ABB281}.Debug|Any CPU.Build.0 = Debug|Any CPU
		{94A061F2-F1E3-44CC-9BC0-904B95ABB281}.Release|Any CPU.ActiveCfg = Release|Any CPU
		{94A061F2-F1E3-44CC-9BC0-904B95ABB281}.Release|Any CPU.Build.0 = Release|Any CPU
		{9F870C1B-A215-49AE-9A0D-76743D7B9552}.Debug|Any CPU.ActiveCfg = Debug|Any CPU
		{9F870C1B-A215-49AE-9A0D-76743D7B9552}.Debug|Any CPU.Build.0 = Debug|Any CPU
		{9F870C1B-A215-49AE-9A0D-76743D7B9552}.Release|Any CPU.ActiveCfg = Release|Any CPU
		{9F870C1B-A215-49AE-9A0D-76743D7B9552}.Release|Any CPU.Build.0 = Release|Any CPU
		{8B39AB91-98D5-4BB9-B263-3E4F76569BD3}.Debug|Any CPU.ActiveCfg = Debug|Any CPU
		{8B39AB91-98D5-4BB9-B263-3E4F76569BD3}.Debug|Any CPU.Build.0 = Debug|Any CPU
		{8B39AB91-98D5-4BB9-B263-3E4F76569BD3}.Release|Any CPU.ActiveCfg = Release|Any CPU
		{8B39AB91-98D5-4BB9-B263-3E4F76569BD3}.Release|Any CPU.Build.0 = Release|Any CPU
		{6F1FE6F7-9D52-47E5-B377-BC61FE5647B6}.Debug|Any CPU.ActiveCfg = Debug|Any CPU
		{6F1FE6F7-9D52-47E5-B377-BC61FE5647B6}.Debug|Any CPU.Build.0 = Debug|Any CPU
		{6F1FE6F7-9D52-47E5-B377-BC61FE5647B6}.Release|Any CPU.ActiveCfg = Release|Any CPU
		{6F1FE6F7-9D52-47E5-B377-BC61FE5647B6}.Release|Any CPU.Build.0 = Release|Any CPU
	EndGlobalSection
	GlobalSection(SolutionProperties) = preSolution
		HideSolutionNode = FALSE
	EndGlobalSection
	GlobalSection(NestedProjects) = preSolution
		{30DD4D2C-6BC5-446E-8C16-220A597C82D0} = {D8538E5C-69CF-40E8-A6B2-E5DAA4012DE1}
		{B15E2F21-2CB9-4BE4-9AE1-0F0008EEDB5D} = {30DD4D2C-6BC5-446E-8C16-220A597C82D0}
		{26ECAE4B-01BD-4999-812A-77C60DB5C9EF} = {30DD4D2C-6BC5-446E-8C16-220A597C82D0}
		{94A061F2-F1E3-44CC-9BC0-904B95ABB281} = {30DD4D2C-6BC5-446E-8C16-220A597C82D0}
		{9F870C1B-A215-49AE-9A0D-76743D7B9552} = {30DD4D2C-6BC5-446E-8C16-220A597C82D0}
		{8B39AB91-98D5-4BB9-B263-3E4F76569BD3} = {30DD4D2C-6BC5-446E-8C16-220A597C82D0}
	EndGlobalSection
EndGlobal
